
Microsoft Visual Studio Solution File, Format Version 12.00
# Visual Studio 15
VisualStudioVersion = 15.0.27130.2010
MinimumVisualStudioVersion = 10.0.40219.1
Project("{FAE04EC0-301F-11D3-BF4B-00C04F79EFBC}") = "ConsoleGitHubExample", "ConsoleGitHubExample\ConsoleGitHubExample.csproj", "{BBB972BE-C1AD-42B8-A249-F33E26228070}"
EndProject
Global
	GlobalSection(SolutionConfigurationPlatforms) = preSolution
		Debug|Any CPU = Debug|Any CPU
		Release|Any CPU = Release|Any CPU
	EndGlobalSection
	GlobalSection(ProjectConfigurationPlatforms) = postSolution
		{BBB972BE-C1AD-42B8-A249-F33E26228070}.Debug|Any CPU.ActiveCfg = Debug|Any CPU
		{BBB972BE-C1AD-42B8-A249-F33E26228070}.Debug|Any CPU.Build.0 = Debug|Any CPU
		{BBB972BE-C1AD-42B8-A249-F33E26228070}.Release|Any CPU.ActiveCfg = Release|Any CPU
		{BBB972BE-C1AD-42B8-A249-F33E26228070}.Release|Any CPU.Build.0 = Release|Any CPU
	EndGlobalSection
	GlobalSection(SolutionProperties) = preSolution
		HideSolutionNode = FALSE
	EndGlobalSection
	GlobalSection(ExtensibilityGlobals) = postSolution
		SolutionGuid = {451C9321-C1E1-436F-8B76-0086EDA7B978}
	EndGlobalSection
EndGlobal
